
Microsoft Visual Studio Solution File, Format Version 12.00
# Visual Studio Version 17
VisualStudioVersion = 17.6.33815.320
MinimumVisualStudioVersion = 10.0.40219.1
Project("{FAE04EC0-301F-11D3-BF4B-00C04F79EFBC}") = "Filestream", "Filestream.csproj", "{386B6659-461F-4593-9043-4570CA0A1EAC}"
EndProject
Global
	GlobalSection(SolutionConfigurationPlatforms) = preSolution
		Debug|Any CPU = Debug|Any CPU
		Release|Any CPU = Release|Any CPU
	EndGlobalSection
	GlobalSection(ProjectConfigurationPlatforms) = postSolution
		{386B6659-461F-4593-9043-4570CA0A1EAC}.Debug|Any CPU.ActiveCfg = Debug|Any CPU
		{386B6659-461F-4593-9043-4570CA0A1EAC}.Debug|Any CPU.Build.0 = Debug|Any CPU
		{386B6659-461F-4593-9043-4570CA0A1EAC}.Release|Any CPU.ActiveCfg = Release|Any CPU
		{386B6659-461F-4593-9043-4570CA0A1EAC}.Release|Any CPU.Build.0 = Release|Any CPU
	EndGlobalSection
	GlobalSection(SolutionProperties) = preSolution
		HideSolutionNode = FALSE
	EndGlobalSection
	GlobalSection(ExtensibilityGlobals) = postSolution
		SolutionGuid = {54272612-9ABE-4D8F-B9D1-86B01D164299}
	EndGlobalSection
EndGlobal
