
Microsoft Visual Studio Solution File, Format Version 12.00
# Visual Studio Version 17
VisualStudioVersion = 17.6.33815.320
MinimumVisualStudioVersion = 10.0.40219.1
Project("{FAE04EC0-301F-11D3-BF4B-00C04F79EFBC}") = "Temple_Service", "Temple_Service.csproj", "{FCBA9585-771C-4249-87B0-31B51534F084}"
EndProject
Global
	GlobalSection(SolutionConfigurationPlatforms) = preSolution
		Debug|Any CPU = Debug|Any CPU
		Release|Any CPU = Release|Any CPU
	EndGlobalSection
	GlobalSection(ProjectConfigurationPlatforms) = postSolution
		{FCBA9585-771C-4249-87B0-31B51534F084}.Debug|Any CPU.ActiveCfg = Debug|Any CPU
		{FCBA9585-771C-4249-87B0-31B51534F084}.Debug|Any CPU.Build.0 = Debug|Any CPU
		{FCBA9585-771C-4249-87B0-31B51534F084}.Release|Any CPU.ActiveCfg = Release|Any CPU
		{FCBA9585-771C-4249-87B0-31B51534F084}.Release|Any CPU.Build.0 = Release|Any CPU
	EndGlobalSection
	GlobalSection(SolutionProperties) = preSolution
		HideSolutionNode = FALSE
	EndGlobalSection
	GlobalSection(ExtensibilityGlobals) = postSolution
		SolutionGuid = {931DFA0A-F551-40FE-8531-53BD8D8B89B3}
	EndGlobalSection
EndGlobal
