
Microsoft Visual Studio Solution File, Format Version 12.00
# Visual Studio Version 17
VisualStudioVersion = 17.6.33815.320
MinimumVisualStudioVersion = 10.0.40219.1
Project("{FAE04EC0-301F-11D3-BF4B-00C04F79EFBC}") = "json", "json.csproj", "{60120704-86A8-4576-B76F-6A5E5A073D11}"
EndProject
Global
	GlobalSection(SolutionConfigurationPlatforms) = preSolution
		Debug|Any CPU = Debug|Any CPU
		Release|Any CPU = Release|Any CPU
	EndGlobalSection
	GlobalSection(ProjectConfigurationPlatforms) = postSolution
		{60120704-86A8-4576-B76F-6A5E5A073D11}.Debug|Any CPU.ActiveCfg = Debug|Any CPU
		{60120704-86A8-4576-B76F-6A5E5A073D11}.Debug|Any CPU.Build.0 = Debug|Any CPU
		{60120704-86A8-4576-B76F-6A5E5A073D11}.Release|Any CPU.ActiveCfg = Release|Any CPU
		{60120704-86A8-4576-B76F-6A5E5A073D11}.Release|Any CPU.Build.0 = Release|Any CPU
	EndGlobalSection
	GlobalSection(SolutionProperties) = preSolution
		HideSolutionNode = FALSE
	EndGlobalSection
	GlobalSection(ExtensibilityGlobals) = postSolution
		SolutionGuid = {2F4A8D29-52FB-4329-BFCC-33D5351665D0}
	EndGlobalSection
EndGlobal
