
Microsoft Visual Studio Solution File, Format Version 12.00
# Visual Studio Version 17
VisualStudioVersion = 17.6.33815.320
MinimumVisualStudioVersion = 10.0.40219.1
Project("{FAE04EC0-301F-11D3-BF4B-00C04F79EFBC}") = "Day3_Tasks", "Day3_Tasks.csproj", "{05C1AAAA-9071-47CF-8ECF-D010293E711F}"
EndProject
Global
	GlobalSection(SolutionConfigurationPlatforms) = preSolution
		Debug|Any CPU = Debug|Any CPU
		Release|Any CPU = Release|Any CPU
	EndGlobalSection
	GlobalSection(ProjectConfigurationPlatforms) = postSolution
		{05C1AAAA-9071-47CF-8ECF-D010293E711F}.Debug|Any CPU.ActiveCfg = Debug|Any CPU
		{05C1AAAA-9071-47CF-8ECF-D010293E711F}.Debug|Any CPU.Build.0 = Debug|Any CPU
		{05C1AAAA-9071-47CF-8ECF-D010293E711F}.Release|Any CPU.ActiveCfg = Release|Any CPU
		{05C1AAAA-9071-47CF-8ECF-D010293E711F}.Release|Any CPU.Build.0 = Release|Any CPU
	EndGlobalSection
	GlobalSection(SolutionProperties) = preSolution
		HideSolutionNode = FALSE
	EndGlobalSection
	GlobalSection(ExtensibilityGlobals) = postSolution
		SolutionGuid = {70AE88A9-525C-4078-9B88-C83B3B98D398}
	EndGlobalSection
EndGlobal
