
Microsoft Visual Studio Solution File, Format Version 12.00
# Visual Studio Version 17
VisualStudioVersion = 17.6.33815.320
MinimumVisualStudioVersion = 10.0.40219.1
Project("{FAE04EC0-301F-11D3-BF4B-00C04F79EFBC}") = "BackgroundService.cs", "BackgroundService.cs.csproj", "{DCAB4737-E262-474B-94B5-F6FB97288DCB}"
EndProject
Global
	GlobalSection(SolutionConfigurationPlatforms) = preSolution
		Debug|Any CPU = Debug|Any CPU
		Release|Any CPU = Release|Any CPU
	EndGlobalSection
	GlobalSection(ProjectConfigurationPlatforms) = postSolution
		{DCAB4737-E262-474B-94B5-F6FB97288DCB}.Debug|Any CPU.ActiveCfg = Debug|Any CPU
		{DCAB4737-E262-474B-94B5-F6FB97288DCB}.Debug|Any CPU.Build.0 = Debug|Any CPU
		{DCAB4737-E262-474B-94B5-F6FB97288DCB}.Release|Any CPU.ActiveCfg = Release|Any CPU
		{DCAB4737-E262-474B-94B5-F6FB97288DCB}.Release|Any CPU.Build.0 = Release|Any CPU
	EndGlobalSection
	GlobalSection(SolutionProperties) = preSolution
		HideSolutionNode = FALSE
	EndGlobalSection
	GlobalSection(ExtensibilityGlobals) = postSolution
		SolutionGuid = {2B74F1F5-829F-44D3-86AB-81AEC7B292B5}
	EndGlobalSection
EndGlobal
