
Microsoft Visual Studio Solution File, Format Version 12.00
# Visual Studio Version 17
VisualStudioVersion = 17.6.33815.320
MinimumVisualStudioVersion = 10.0.40219.1
Project("{9A19103F-16F7-4668-BE54-9A1E7A4F7556}") = "ConsoleApp1", "ConsoleApp1.csproj", "{9CB4F58D-4A21-4E35-9FAC-CBECC7309A23}"
EndProject
Project("{9A19103F-16F7-4668-BE54-9A1E7A4F7556}") = "BusinessLayer", "..\BusinessLayer\BusinessLayer.csproj", "{B8340C2E-7824-44C6-83B4-E2BF12180B2A}"
EndProject
Project("{9A19103F-16F7-4668-BE54-9A1E7A4F7556}") = "DataLayer", "..\DataLayer\DataLayer.csproj", "{45FACCAB-4337-49FB-95AA-E1D4258F779A}"
EndProject
Project("{FAE04EC0-301F-11D3-BF4B-00C04F79EFBC}") = "Common", "..\ClassLibrary1\Common.csproj", "{4915C299-9A62-41BC-A63F-4C01BC0A02B3}"
EndProject
Global
	GlobalSection(SolutionConfigurationPlatforms) = preSolution
		Debug|Any CPU = Debug|Any CPU
		Release|Any CPU = Release|Any CPU
	EndGlobalSection
	GlobalSection(ProjectConfigurationPlatforms) = postSolution
		{9CB4F58D-4A21-4E35-9FAC-CBECC7309A23}.Debug|Any CPU.ActiveCfg = Debug|Any CPU
		{9CB4F58D-4A21-4E35-9FAC-CBECC7309A23}.Debug|Any CPU.Build.0 = Debug|Any CPU
		{9CB4F58D-4A21-4E35-9FAC-CBECC7309A23}.Release|Any CPU.ActiveCfg = Release|Any CPU
		{9CB4F58D-4A21-4E35-9FAC-CBECC7309A23}.Release|Any CPU.Build.0 = Release|Any CPU
		{B8340C2E-7824-44C6-83B4-E2BF12180B2A}.Debug|Any CPU.ActiveCfg = Debug|Any CPU
		{B8340C2E-7824-44C6-83B4-E2BF12180B2A}.Debug|Any CPU.Build.0 = Debug|Any CPU
		{B8340C2E-7824-44C6-83B4-E2BF12180B2A}.Release|Any CPU.ActiveCfg = Release|Any CPU
		{B8340C2E-7824-44C6-83B4-E2BF12180B2A}.Release|Any CPU.Build.0 = Release|Any CPU
		{45FACCAB-4337-49FB-95AA-E1D4258F779A}.Debug|Any CPU.ActiveCfg = Debug|Any CPU
		{45FACCAB-4337-49FB-95AA-E1D4258F779A}.Debug|Any CPU.Build.0 = Debug|Any CPU
		{45FACCAB-4337-49FB-95AA-E1D4258F779A}.Release|Any CPU.ActiveCfg = Release|Any CPU
		{45FACCAB-4337-49FB-95AA-E1D4258F779A}.Release|Any CPU.Build.0 = Release|Any CPU
		{4915C299-9A62-41BC-A63F-4C01BC0A02B3}.Debug|Any CPU.ActiveCfg = Debug|Any CPU
		{4915C299-9A62-41BC-A63F-4C01BC0A02B3}.Debug|Any CPU.Build.0 = Debug|Any CPU
		{4915C299-9A62-41BC-A63F-4C01BC0A02B3}.Release|Any CPU.ActiveCfg = Release|Any CPU
		{4915C299-9A62-41BC-A63F-4C01BC0A02B3}.Release|Any CPU.Build.0 = Release|Any CPU
	EndGlobalSection
	GlobalSection(SolutionProperties) = preSolution
		HideSolutionNode = FALSE
	EndGlobalSection
	GlobalSection(ExtensibilityGlobals) = postSolution
		SolutionGuid = {419D00AF-1795-42A6-9084-A255F3B0B878}
	EndGlobalSection
EndGlobal
