
Microsoft Visual Studio Solution File, Format Version 12.00
# Visual Studio Version 17
VisualStudioVersion = 17.6.33815.320
MinimumVisualStudioVersion = 10.0.40219.1
Project("{FAE04EC0-301F-11D3-BF4B-00C04F79EFBC}") = "Upload_Files_To_Azure", "Upload_Files_To_Azure.csproj", "{A784FF1F-7905-4123-993C-92120550235F}"
EndProject
Global
	GlobalSection(SolutionConfigurationPlatforms) = preSolution
		Debug|Any CPU = Debug|Any CPU
		Release|Any CPU = Release|Any CPU
	EndGlobalSection
	GlobalSection(ProjectConfigurationPlatforms) = postSolution
		{A784FF1F-7905-4123-993C-92120550235F}.Debug|Any CPU.ActiveCfg = Debug|Any CPU
		{A784FF1F-7905-4123-993C-92120550235F}.Debug|Any CPU.Build.0 = Debug|Any CPU
		{A784FF1F-7905-4123-993C-92120550235F}.Release|Any CPU.ActiveCfg = Release|Any CPU
		{A784FF1F-7905-4123-993C-92120550235F}.Release|Any CPU.Build.0 = Release|Any CPU
	EndGlobalSection
	GlobalSection(SolutionProperties) = preSolution
		HideSolutionNode = FALSE
	EndGlobalSection
	GlobalSection(ExtensibilityGlobals) = postSolution
		SolutionGuid = {719D5EB6-0CFD-444D-946F-F2F598E25D25}
	EndGlobalSection
EndGlobal
