
Microsoft Visual Studio Solution File, Format Version 12.00
# Visual Studio Version 17
VisualStudioVersion = 17.6.33815.320
MinimumVisualStudioVersion = 10.0.40219.1
Project("{FAE04EC0-301F-11D3-BF4B-00C04F79EFBC}") = "MultiplicationWhile", "MultiplicationWhile.csproj", "{75742D41-3D8E-4312-B6F6-65CFC5BC4ACF}"
EndProject
Global
	GlobalSection(SolutionConfigurationPlatforms) = preSolution
		Debug|Any CPU = Debug|Any CPU
		Release|Any CPU = Release|Any CPU
	EndGlobalSection
	GlobalSection(ProjectConfigurationPlatforms) = postSolution
		{75742D41-3D8E-4312-B6F6-65CFC5BC4ACF}.Debug|Any CPU.ActiveCfg = Debug|Any CPU
		{75742D41-3D8E-4312-B6F6-65CFC5BC4ACF}.Debug|Any CPU.Build.0 = Debug|Any CPU
		{75742D41-3D8E-4312-B6F6-65CFC5BC4ACF}.Release|Any CPU.ActiveCfg = Release|Any CPU
		{75742D41-3D8E-4312-B6F6-65CFC5BC4ACF}.Release|Any CPU.Build.0 = Release|Any CPU
	EndGlobalSection
	GlobalSection(SolutionProperties) = preSolution
		HideSolutionNode = FALSE
	EndGlobalSection
	GlobalSection(ExtensibilityGlobals) = postSolution
		SolutionGuid = {BE98336A-7DCF-4192-89BA-E74DDC05CA1F}
	EndGlobalSection
EndGlobal
