
Microsoft Visual Studio Solution File, Format Version 12.00
# Visual Studio Version 17
VisualStudioVersion = 17.6.33815.320
MinimumVisualStudioVersion = 10.0.40219.1
Project("{FAE04EC0-301F-11D3-BF4B-00C04F79EFBC}") = "Exampple", "Exampple.csproj", "{C554DF53-E0B9-4B64-973B-E1D766AA0991}"
EndProject
Global
	GlobalSection(SolutionConfigurationPlatforms) = preSolution
		Debug|Any CPU = Debug|Any CPU
		Release|Any CPU = Release|Any CPU
	EndGlobalSection
	GlobalSection(ProjectConfigurationPlatforms) = postSolution
		{C554DF53-E0B9-4B64-973B-E1D766AA0991}.Debug|Any CPU.ActiveCfg = Debug|Any CPU
		{C554DF53-E0B9-4B64-973B-E1D766AA0991}.Debug|Any CPU.Build.0 = Debug|Any CPU
		{C554DF53-E0B9-4B64-973B-E1D766AA0991}.Release|Any CPU.ActiveCfg = Release|Any CPU
		{C554DF53-E0B9-4B64-973B-E1D766AA0991}.Release|Any CPU.Build.0 = Release|Any CPU
	EndGlobalSection
	GlobalSection(SolutionProperties) = preSolution
		HideSolutionNode = FALSE
	EndGlobalSection
	GlobalSection(ExtensibilityGlobals) = postSolution
		SolutionGuid = {ABE7DCD2-DA91-4F45-920E-A29663E4B984}
	EndGlobalSection
EndGlobal
