
Microsoft Visual Studio Solution File, Format Version 12.00
# Visual Studio Version 17
VisualStudioVersion = 17.6.33815.320
MinimumVisualStudioVersion = 10.0.40219.1
Project("{FAE04EC0-301F-11D3-BF4B-00C04F79EFBC}") = "GET_HOSTING_DATA", "GET_HOSTING_DATA.csproj", "{68EA6F8A-4ACE-461E-AA30-F4F6C373C3BB}"
EndProject
Global
	GlobalSection(SolutionConfigurationPlatforms) = preSolution
		Debug|Any CPU = Debug|Any CPU
		Release|Any CPU = Release|Any CPU
	EndGlobalSection
	GlobalSection(ProjectConfigurationPlatforms) = postSolution
		{68EA6F8A-4ACE-461E-AA30-F4F6C373C3BB}.Debug|Any CPU.ActiveCfg = Debug|Any CPU
		{68EA6F8A-4ACE-461E-AA30-F4F6C373C3BB}.Debug|Any CPU.Build.0 = Debug|Any CPU
		{68EA6F8A-4ACE-461E-AA30-F4F6C373C3BB}.Release|Any CPU.ActiveCfg = Release|Any CPU
		{68EA6F8A-4ACE-461E-AA30-F4F6C373C3BB}.Release|Any CPU.Build.0 = Release|Any CPU
	EndGlobalSection
	GlobalSection(SolutionProperties) = preSolution
		HideSolutionNode = FALSE
	EndGlobalSection
	GlobalSection(ExtensibilityGlobals) = postSolution
		SolutionGuid = {418E9AAF-A935-4AD8-9DCE-81C0B6C950B8}
	EndGlobalSection
EndGlobal
