
Microsoft Visual Studio Solution File, Format Version 12.00
# Visual Studio Version 17
VisualStudioVersion = 17.6.33815.320
MinimumVisualStudioVersion = 10.0.40219.1
Project("{FAE04EC0-301F-11D3-BF4B-00C04F79EFBC}") = "Nested 2", "Nested 2.csproj", "{FA814B7C-71A9-4301-9E1B-5A9472F9A374}"
EndProject
Global
	GlobalSection(SolutionConfigurationPlatforms) = preSolution
		Debug|Any CPU = Debug|Any CPU
		Release|Any CPU = Release|Any CPU
	EndGlobalSection
	GlobalSection(ProjectConfigurationPlatforms) = postSolution
		{FA814B7C-71A9-4301-9E1B-5A9472F9A374}.Debug|Any CPU.ActiveCfg = Debug|Any CPU
		{FA814B7C-71A9-4301-9E1B-5A9472F9A374}.Debug|Any CPU.Build.0 = Debug|Any CPU
		{FA814B7C-71A9-4301-9E1B-5A9472F9A374}.Release|Any CPU.ActiveCfg = Release|Any CPU
		{FA814B7C-71A9-4301-9E1B-5A9472F9A374}.Release|Any CPU.Build.0 = Release|Any CPU
	EndGlobalSection
	GlobalSection(SolutionProperties) = preSolution
		HideSolutionNode = FALSE
	EndGlobalSection
	GlobalSection(ExtensibilityGlobals) = postSolution
		SolutionGuid = {79152659-3D58-46C9-BE4A-2B45591949D7}
	EndGlobalSection
EndGlobal
