
Microsoft Visual Studio Solution File, Format Version 12.00
# Visual Studio Version 17
VisualStudioVersion = 17.6.33815.320
MinimumVisualStudioVersion = 10.0.40219.1
Project("{FAE04EC0-301F-11D3-BF4B-00C04F79EFBC}") = "Looparrray", "Looparrray.csproj", "{823E1F02-6566-4B04-BBE2-B2F898A4B1B4}"
EndProject
Global
	GlobalSection(SolutionConfigurationPlatforms) = preSolution
		Debug|Any CPU = Debug|Any CPU
		Release|Any CPU = Release|Any CPU
	EndGlobalSection
	GlobalSection(ProjectConfigurationPlatforms) = postSolution
		{823E1F02-6566-4B04-BBE2-B2F898A4B1B4}.Debug|Any CPU.ActiveCfg = Debug|Any CPU
		{823E1F02-6566-4B04-BBE2-B2F898A4B1B4}.Debug|Any CPU.Build.0 = Debug|Any CPU
		{823E1F02-6566-4B04-BBE2-B2F898A4B1B4}.Release|Any CPU.ActiveCfg = Release|Any CPU
		{823E1F02-6566-4B04-BBE2-B2F898A4B1B4}.Release|Any CPU.Build.0 = Release|Any CPU
	EndGlobalSection
	GlobalSection(SolutionProperties) = preSolution
		HideSolutionNode = FALSE
	EndGlobalSection
	GlobalSection(ExtensibilityGlobals) = postSolution
		SolutionGuid = {89F9E6EE-AE26-4725-9881-EF2B5C8996E9}
	EndGlobalSection
EndGlobal
