
Microsoft Visual Studio Solution File, Format Version 12.00
# Visual Studio Version 17
VisualStudioVersion = 17.6.33815.320
MinimumVisualStudioVersion = 10.0.40219.1
Project("{FAE04EC0-301F-11D3-BF4B-00C04F79EFBC}") = "Get_Url_Data", "Get_Url_Data.csproj", "{AA4B1412-0263-4AA3-84E1-A5C9ED02A4F8}"
EndProject
Global
	GlobalSection(SolutionConfigurationPlatforms) = preSolution
		Debug|Any CPU = Debug|Any CPU
		Release|Any CPU = Release|Any CPU
	EndGlobalSection
	GlobalSection(ProjectConfigurationPlatforms) = postSolution
		{AA4B1412-0263-4AA3-84E1-A5C9ED02A4F8}.Debug|Any CPU.ActiveCfg = Debug|Any CPU
		{AA4B1412-0263-4AA3-84E1-A5C9ED02A4F8}.Debug|Any CPU.Build.0 = Debug|Any CPU
		{AA4B1412-0263-4AA3-84E1-A5C9ED02A4F8}.Release|Any CPU.ActiveCfg = Release|Any CPU
		{AA4B1412-0263-4AA3-84E1-A5C9ED02A4F8}.Release|Any CPU.Build.0 = Release|Any CPU
	EndGlobalSection
	GlobalSection(SolutionProperties) = preSolution
		HideSolutionNode = FALSE
	EndGlobalSection
	GlobalSection(ExtensibilityGlobals) = postSolution
		SolutionGuid = {35875FB3-CC1E-480F-B679-3D67B7B498B8}
	EndGlobalSection
EndGlobal
