
Microsoft Visual Studio Solution File, Format Version 12.00
# Visual Studio Version 17
VisualStudioVersion = 17.6.33815.320
MinimumVisualStudioVersion = 10.0.40219.1
Project("{FAE04EC0-301F-11D3-BF4B-00C04F79EFBC}") = "Sealed", "Sealed.csproj", "{623B2378-6C90-4EAB-ADF9-F187B29BFFD1}"
EndProject
Global
	GlobalSection(SolutionConfigurationPlatforms) = preSolution
		Debug|Any CPU = Debug|Any CPU
		Release|Any CPU = Release|Any CPU
	EndGlobalSection
	GlobalSection(ProjectConfigurationPlatforms) = postSolution
		{623B2378-6C90-4EAB-ADF9-F187B29BFFD1}.Debug|Any CPU.ActiveCfg = Debug|Any CPU
		{623B2378-6C90-4EAB-ADF9-F187B29BFFD1}.Debug|Any CPU.Build.0 = Debug|Any CPU
		{623B2378-6C90-4EAB-ADF9-F187B29BFFD1}.Release|Any CPU.ActiveCfg = Release|Any CPU
		{623B2378-6C90-4EAB-ADF9-F187B29BFFD1}.Release|Any CPU.Build.0 = Release|Any CPU
	EndGlobalSection
	GlobalSection(SolutionProperties) = preSolution
		HideSolutionNode = FALSE
	EndGlobalSection
	GlobalSection(ExtensibilityGlobals) = postSolution
		SolutionGuid = {F2DA503C-4CB1-4809-A05F-A5A91113698A}
	EndGlobalSection
EndGlobal
