
Microsoft Visual Studio Solution File, Format Version 12.00
# Visual Studio Version 17
VisualStudioVersion = 17.6.33815.320
MinimumVisualStudioVersion = 10.0.40219.1
Project("{FAE04EC0-301F-11D3-BF4B-00C04F79EFBC}") = "List.", "..\List\List..csproj", "{2AC730BC-2C54-4BE6-A5BC-FF94596C75F8}"
EndProject
Global
	GlobalSection(SolutionConfigurationPlatforms) = preSolution
		Debug|Any CPU = Debug|Any CPU
		Release|Any CPU = Release|Any CPU
	EndGlobalSection
	GlobalSection(ProjectConfigurationPlatforms) = postSolution
		{2AC730BC-2C54-4BE6-A5BC-FF94596C75F8}.Debug|Any CPU.ActiveCfg = Debug|Any CPU
		{2AC730BC-2C54-4BE6-A5BC-FF94596C75F8}.Debug|Any CPU.Build.0 = Debug|Any CPU
		{2AC730BC-2C54-4BE6-A5BC-FF94596C75F8}.Release|Any CPU.ActiveCfg = Release|Any CPU
		{2AC730BC-2C54-4BE6-A5BC-FF94596C75F8}.Release|Any CPU.Build.0 = Release|Any CPU
	EndGlobalSection
	GlobalSection(SolutionProperties) = preSolution
		HideSolutionNode = FALSE
	EndGlobalSection
	GlobalSection(ExtensibilityGlobals) = postSolution
		SolutionGuid = {AC066775-9F69-4A89-9379-BFE60F313B69}
	EndGlobalSection
EndGlobal
